
Microsoft Visual Studio Solution File, Format Version 12.00
# Visual Studio Version 17
VisualStudioVersion = 17.9.34701.34
MinimumVisualStudioVersion = 10.0.40219.1
Project("{FAE04EC0-301F-11D3-BF4B-00C04F79EFBC}") = "Styles", "Styles\Styles.csproj", "{0428A17D-A1C9-4C18-BDFF-A5226649E9C9}"
EndProject
Global
	GlobalSection(SolutionConfigurationPlatforms) = preSolution
		Debug|Any CPU = Debug|Any CPU
		Release|Any CPU = Release|Any CPU
	EndGlobalSection
	GlobalSection(ProjectConfigurationPlatforms) = postSolution
		{0428A17D-A1C9-4C18-BDFF-A5226649E9C9}.Debug|Any CPU.ActiveCfg = Debug|Any CPU
		{0428A17D-A1C9-4C18-BDFF-A5226649E9C9}.Debug|Any CPU.Build.0 = Debug|Any CPU
		{0428A17D-A1C9-4C18-BDFF-A5226649E9C9}.Release|Any CPU.ActiveCfg = Release|Any CPU
		{0428A17D-A1C9-4C18-BDFF-A5226649E9C9}.Release|Any CPU.Build.0 = Release|Any CPU
	EndGlobalSection
	GlobalSection(SolutionProperties) = preSolution
		HideSolutionNode = FALSE
	EndGlobalSection
	GlobalSection(ExtensibilityGlobals) = postSolution
		SolutionGuid = {B73F1C6B-43EF-4351-B3CC-21EAAC2B1090}
	EndGlobalSection
EndGlobal
